
Microsoft Visual Studio Solution File, Format Version 12.00
# Visual Studio Version 17
VisualStudioVersion = 17.0.32014.148
MinimumVisualStudioVersion = 10.0.40219.1
Project("{FAE04EC0-301F-11D3-BF4B-00C04F79EFBC}") = "my-books", "my-books\my-books.csproj", "{76922A0E-03EE-440E-81CD-5F116D416D90}"
EndProject
Global
	GlobalSection(SolutionConfigurationPlatforms) = preSolution
		Debug|Any CPU = Debug|Any CPU
		Release|Any CPU = Release|Any CPU
	EndGlobalSection
	GlobalSection(ProjectConfigurationPlatforms) = postSolution
		{76922A0E-03EE-440E-81CD-5F116D416D90}.Debug|Any CPU.ActiveCfg = Debug|Any CPU
		{76922A0E-03EE-440E-81CD-5F116D416D90}.Debug|Any CPU.Build.0 = Debug|Any CPU
		{76922A0E-03EE-440E-81CD-5F116D416D90}.Release|Any CPU.ActiveCfg = Release|Any CPU
		{76922A0E-03EE-440E-81CD-5F116D416D90}.Release|Any CPU.Build.0 = Release|Any CPU
	EndGlobalSection
	GlobalSection(SolutionProperties) = preSolution
		HideSolutionNode = FALSE
	EndGlobalSection
	GlobalSection(ExtensibilityGlobals) = postSolution
		SolutionGuid = {9969674C-5DAB-4841-A7C8-97888E68075C}
	EndGlobalSection
EndGlobal
